{
    "_readme": [
        "This file locks the dependencies of your project to a known state",
        "Read more about it at http://getcomposer.org/doc/01-basic-usage.md#composer-lock-the-lock-file",
        "This file is @generated automatically"
    ],
    "hash": "26d742bbb9b0bb14042c2243cff2e2b1",
    "packages": [
        {
            "name": "kzykhys/php-csv-parser",
            "version": "1.4.1",
            "source": {
                "type": "git",
                "url": "https://github.com/kzykhys/PHPCsvParser.git",
                "reference": "4f5b6db78c687d22b37a5d24542ae433b2fa48cf"
            },
            "dist": {
                "type": "zip",
                "url": "https://api.github.com/repos/kzykhys/PHPCsvParser/zipball/4f5b6db78c687d22b37a5d24542ae433b2fa48cf",
                "reference": "4f5b6db78c687d22b37a5d24542ae433b2fa48cf",
                "shasum": ""
            },
            "require": {
                "php": ">=5.3.3"
            },
            "type": "library",
            "autoload": {
                "psr-0": {
                    "": "src/"
                }
            },
            "notification-url": "https://packagist.org/downloads/",
            "license": [
                "MIT"
            ],
            "authors": [
                {
                    "name": "Kazuyuki Hayashi",
                    "email": "hayashi@valnur.net"
                }
            ],
            "description": "Convert CSV to array (Excel style is fully suppoted!)",
            "time": "2014-01-15 05:17:19"
        },
        {
            "name": "pwfisher/command-line-php",
            "version": "dev-master",
            "source": {
                "type": "git",
                "url": "https://github.com/pwfisher/CommandLine.php.git",
                "reference": "ce756a94efa3544b56d03a02d3634a8d969ee962"
            },
            "dist": {
                "type": "zip",
                "url": "https://api.github.com/repos/pwfisher/CommandLine.php/zipball/ce756a94efa3544b56d03a02d3634a8d969ee962",
                "reference": "ce756a94efa3544b56d03a02d3634a8d969ee962",
                "shasum": ""
            },
            "require": {
                "php": ">=5.3.0"
            },
            "type": "library",
            "autoload": {
                "classmap": [
                    "CommandLine.php"
                ]
            },
            "notification-url": "https://packagist.org/downloads/",
            "license": [
                "CC-BY-3.0"
            ],
            "authors": [
                {
                    "name": "Patrick Fisher",
                    "email": "patrick@pwfisher.com"
                }
            ],
            "description": "PHP Command Line interface class. Provides friendly and flexible CLI argument parsing.",
            "keywords": [
                "cli",
                "parser",
                "parsing"
            ],
            "time": "2014-09-23 01:07:11"
        },
        {
            "name": "respect/validation",
            "version": "0.6.1",
            "source": {
                "type": "git",
                "url": "https://github.com/Respect/Validation.git",
                "reference": "4b9856c11f893954b7c822cbb5dfb75c468e7827"
            },
            "dist": {
                "type": "zip",
                "url": "https://api.github.com/repos/Respect/Validation/zipball/4b9856c11f893954b7c822cbb5dfb75c468e7827",
                "reference": "4b9856c11f893954b7c822cbb5dfb75c468e7827",
                "shasum": ""
            },
            "require-dev": {
                "phpunit/phpunit": "~4.0",
                "symfony/validator": "~2.1",
                "zendframework/zend-validator": "~2.0"
            },
            "suggest": {
                "ext-bcmath": "Arbitrary Precision Mathematics",
                "ext-mbstring": "Multibyte String Functions"
            },
            "type": "library",
            "autoload": {
                "psr-0": {
                    "Respect\\Validation": "library/"
                }
            },
            "notification-url": "https://packagist.org/downloads/",
            "license": [
                "BSD Style"
            ],
            "authors": [
                {
                    "name": "Respect/Validation Contributors",
                    "homepage": "https://github.com/Respect/Validation/graphs/contributors"
                }
            ],
            "description": "The most awesome validation engine ever created for PHP",
            "homepage": "http://respect.li",
            "keywords": [
                "respect",
                "validation",
                "validator"
            ],
            "time": "2014-07-11 06:35:17"
        }
    ],
    "packages-dev": [],
    "aliases": [],
    "minimum-stability": "stable",
    "stability-flags": {
        "pwfisher/command-line-php": 20
    },
    "prefer-stable": false,
    "platform": [],
    "platform-dev": []
}
